<?xml version="1.0" encoding="utf-8"?>
<Project ToolsVersion="4.0" xmlns="http://schemas.microsoft.com/developer/msbuild/2003">
  <ItemGroup>
    <Filter Include="源文件">
      <UniqueIdentifier>{4FC737F1-C7A5-4376-A066-2A32D752A2FF}</UniqueIdentifier>
      <Extensions>cpp;c;cc;cxx;def;odl;idl;hpj;bat;asm;asmx</Extensions>
    </Filter>
    <Filter Include="头文件">
      <UniqueIdentifier>{93995380-89BD-4b04-88EB-625FBE52EBFB}</UniqueIdentifier>
      <Extensions>h;hpp;hxx;hm;inl;inc;xsd</Extensions>
    </Filter>
    <Filter Include="资源文件">
      <UniqueIdentifier>{67DA6AB6-F800-4c08-8B7A-83BB121AAD01}</UniqueIdentifier>
      <Extensions>rc;ico;cur;bmp;dlg;rc2;rct;bin;rgs;gif;jpg;jpeg;jpe;resx;tiff;tif;png;wav;mfcribbon-ms</Extensions>
    </Filter>
    <Filter Include="头文件\hmm">
      <UniqueIdentifier>{5c5a2a9b-8b2e-4e00-9b50-a07479ad0b48}</UniqueIdentifier>
    </Filter>
    <Filter Include="源文件\hmm">
      <UniqueIdentifier>{d4f9343a-6463-476e-8259-08c75c20fbaf}</UniqueIdentifier>
    </Filter>
    <Filter Include="头文件\MFCC">
      <UniqueIdentifier>{aa86a405-60f1-4ebb-bf93-764c2b85a0f8}</UniqueIdentifier>
    </Filter>
  </ItemGroup>
  <ItemGroup>
    <ClCompile Include="readwave.cpp">
      <Filter>源文件</Filter>
    </ClCompile>
    <ClCompile Include="wavReadResult.cpp">
      <Filter>源文件</Filter>
    </ClCompile>
    <ClCompile Include="main.cpp">
      <Filter>源文件</Filter>
    </ClCompile>
    <ClCompile Include="FFT.cpp">
      <Filter>源文件</Filter>
    </ClCompile>
    <ClCompile Include="DTW.cpp">
      <Filter>源文件</Filter>
    </ClCompile>
    <ClCompile Include="mathUtil.cpp">
      <Filter>源文件</Filter>
    </ClCompile>
    <ClCompile Include="hmmModel\hmmModel.cpp">
      <Filter>源文件\hmm</Filter>
    </ClCompile>
    <ClCompile Include="hmmModel\hmmTool.cpp">
      <Filter>源文件\hmm</Filter>
    </ClCompile>
    <ClCompile Include="hmmModel\template.cpp">
      <Filter>源文件\hmm</Filter>
    </ClCompile>
    <ClCompile Include="hmmModel\templateList.cpp">
      <Filter>源文件\hmm</Filter>
    </ClCompile>
    <ClCompile Include="hmmModel\singleGaussion.cpp">
      <Filter>源文件\hmm</Filter>
    </ClCompile>
    <ClCompile Include="hmmModel\4Gaussion.cpp">
      <Filter>源文件\hmm</Filter>
    </ClCompile>
  </ItemGroup>
  <ItemGroup>
    <ClInclude Include="wavReadResult.h">
      <Filter>头文件</Filter>
    </ClInclude>
    <ClInclude Include="DTW.h">
      <Filter>头文件</Filter>
    </ClInclude>
    <ClInclude Include="mathUtil.h">
      <Filter>头文件</Filter>
    </ClInclude>
    <ClInclude Include="DFTresult.h">
      <Filter>头文件\MFCC</Filter>
    </ClInclude>
    <ClInclude Include="FFT.h">
      <Filter>头文件\MFCC</Filter>
    </ClInclude>
    <ClInclude Include="readwave.h">
      <Filter>头文件\MFCC</Filter>
    </ClInclude>
    <ClInclude Include="hmmModel\hmmModel.h">
      <Filter>头文件\hmm</Filter>
    </ClInclude>
    <ClInclude Include="hmmModel\hmmTool.h">
      <Filter>头文件\hmm</Filter>
    </ClInclude>
    <ClInclude Include="hmmModel\segment.h">
      <Filter>头文件\hmm</Filter>
    </ClInclude>
    <ClInclude Include="hmmModel\stateModel.h">
      <Filter>头文件\hmm</Filter>
    </ClInclude>
    <ClInclude Include="hmmModel\template.h">
      <Filter>头文件\hmm</Filter>
    </ClInclude>
    <ClInclude Include="hmmModel\templateList.h">
      <Filter>头文件\hmm</Filter>
    </ClInclude>
    <ClInclude Include="hmmModel\singleGaussion.h">
      <Filter>头文件\hmm</Filter>
    </ClInclude>
    <ClInclude Include="hmmModel\4Gaussion.h">
      <Filter>头文件\hmm</Filter>
    </ClInclude>
  </ItemGroup>
  <ItemGroup>
    <None Include="..\lib\portaudio_x86.dll" />
  </ItemGroup>
  <ItemGroup>
    <Library Include="..\lib\portaudio_x86.lib" />
  </ItemGroup>
</Project>